
Microsoft Visual Studio Solution File, Format Version 12.00
# Visual Studio 15
VisualStudioVersion = 15.0.27428.1
MinimumVisualStudioVersion = 10.0.40219.1
Project("{F2A71F9B-5D33-465A-A702-920D77279786}") = "ClassLibrary1", "ClassLibrary1\ClassLibrary1.fsproj", "{62BCCF43-D207-4143-881C-FDEE51F2A921}"
EndProject
Global
	GlobalSection(SolutionConfigurationPlatforms) = preSolution
		Debug|Any CPU = Debug|Any CPU
		Release|Any CPU = Release|Any CPU
	EndGlobalSection
	GlobalSection(ProjectConfigurationPlatforms) = postSolution
		{62BCCF43-D207-4143-881C-FDEE51F2A921}.Debug|Any CPU.ActiveCfg = Debug|Any CPU
		{62BCCF43-D207-4143-881C-FDEE51F2A921}.Debug|Any CPU.Build.0 = Debug|Any CPU
		{62BCCF43-D207-4143-881C-FDEE51F2A921}.Release|Any CPU.ActiveCfg = Release|Any CPU
		{62BCCF43-D207-4143-881C-FDEE51F2A921}.Release|Any CPU.Build.0 = Release|Any CPU
	EndGlobalSection
	GlobalSection(SolutionProperties) = preSolution
		HideSolutionNode = FALSE
	EndGlobalSection
	GlobalSection(ExtensibilityGlobals) = postSolution
		SolutionGuid = {9DE074FA-4CD2-43FF-A3B4-72C19CC6FC45}
	EndGlobalSection
EndGlobal
